// !$*UTF8*$!
{
	archiveVersion = 1;
	classes = {
	};
	objectVersion = 56;
	objects = {

/* Begin PBXBuildFile section */
		B258C0352AD791F300B8D11D /* AppDelegate.swift in Sources */ = {isa = PBXBuildFile; fileRef = B258C0342AD791F300B8D11D /* AppDelegate.swift */; };
		B258C0372AD791F300B8D11D /* SceneDelegate.swift in Sources */ = {isa = PBXBuildFile; fileRef = B258C0362AD791F300B8D11D /* SceneDelegate.swift */; };
		B258C0392AD791F300B8D11D /* ViewController.swift in Sources */ = {isa = PBXBuildFile; fileRef = B258C0382AD791F300B8D11D /* ViewController.swift */; };
		B258C03C2AD791F300B8D11D /* Main.storyboard in Resources */ = {isa = PBXBuildFile; fileRef = B258C03A2AD791F300B8D11D /* Main.storyboard */; };
		B258C03F2AD791F300B8D11D /* testing.xcdatamodeld in Sources */ = {isa = PBXBuildFile; fileRef = B258C03D2AD791F300B8D11D /* testing.xcdatamodeld */; };
		B258C0412AD791F500B8D11D /* Assets.xcassets in Resources */ = {isa = PBXBuildFile; fileRef = B258C0402AD791F500B8D11D /* Assets.xcassets */; };
		B258C0442AD791F500B8D11D /* LaunchScreen.storyboard in Resources */ = {isa = PBXBuildFile; fileRef = B258C0422AD791F500B8D11D /* LaunchScreen.storyboard */; };
		B258C04F2AD791F500B8D11D /* testingTests.swift in Sources */ = {isa = PBXBuildFile; fileRef = B258C04E2AD791F500B8D11D /* testingTests.swift */; };
		B258C0592AD791F500B8D11D /* testingUITests.swift in Sources */ = {isa = PBXBuildFile; fileRef = B258C0582AD791F500B8D11D /* testingUITests.swift */; };
		B258C05B2AD791F500B8D11D /* testingUITestsLaunchTests.swift in Sources */ = {isa = PBXBuildFile; fileRef = B258C05A2AD791F500B8D11D /* testingUITestsLaunchTests.swift */; };
/* End PBXBuildFile section */

/* Begin PBXContainerItemProxy section */
		B258C04B2AD791F500B8D11D /* PBXContainerItemProxy */ = {
			isa = PBXContainerItemProxy;
			containerPortal = B258C0292AD791F300B8D11D /* Project object */;
			proxyType = 1;
			remoteGlobalIDString = B258C0302AD791F300B8D11D;
			remoteInfo = testing;
		};
		B258C0552AD791F500B8D11D /* PBXContainerItemProxy */ = {
			isa = PBXContainerItemProxy;
			containerPortal = B258C0292AD791F300B8D11D /* Project object */;
			proxyType = 1;
			remoteGlobalIDString = B258C0302AD791F300B8D11D;
			remoteInfo = testing;
		};
/* End PBXContainerItemProxy section */

/* Begin PBXFileReference section */
		B258C0312AD791F300B8D11D /* testing.app */ = {isa = PBXFileReference; explicitFileType = wrapper.application; includeInIndex = 0; path = testing.app; sourceTree = BUILT_PRODUCTS_DIR; };
		B258C0342AD791F300B8D11D /* AppDelegate.swift */ = {isa = PBXFileReference; lastKnownFileType = sourcecode.swift; path = AppDelegate.swift; sourceTree = "<group>"; };
		B258C0362AD791F300B8D11D /* SceneDelegate.swift */ = {isa = PBXFileReference; lastKnownFileType = sourcecode.swift; path = SceneDelegate.swift; sourceTree = "<group>"; };
		B258C0382AD791F300B8D11D /* ViewController.swift */ = {isa = PBXFileReference; lastKnownFileType = sourcecode.swift; path = ViewController.swift; sourceTree = "<group>"; };
		B258C03B2AD791F300B8D11D /* Base */ = {isa = PBXFileReference; lastKnownFileType = file.storyboard; name = Base; path = Base.lproj/Main.storyboard; sourceTree = "<group>"; };
		B258C03E2AD791F300B8D11D /* testing.xcdatamodel */ = {isa = PBXFileReference; lastKnownFileType = wrapper.xcdatamodel; path = testing.xcdatamodel; sourceTree = "<group>"; };
		B258C0402AD791F500B8D11D /* Assets.xcassets */ = {isa = PBXFileReference; lastKnownFileType = folder.assetcatalog; path = Assets.xcassets; sourceTree = "<group>"; };
		B258C0432AD791F500B8D11D /* Base */ = {isa = PBXFileReference; lastKnownFileType = file.storyboard; name = Base; path = Base.lproj/LaunchScreen.storyboard; sourceTree = "<group>"; };
		B258C0452AD791F500B8D11D /* Info.plist */ = {isa = PBXFileReference; lastKnownFileType = text.plist.xml; path = Info.plist; sourceTree = "<group>"; };
		B258C04A2AD791F500B8D11D /* testingTests.xctest */ = {isa = PBXFileReference; explicitFileType = wrapper.cfbundle; includeInIndex = 0; path = testingTests.xctest; sourceTree = BUILT_PRODUCTS_DIR; };
		B258C04E2AD791F500B8D11D /* testingTests.swift */ = {isa = PBXFileReference; lastKnownFileType = sourcecode.swift; path = testingTests.swift; sourceTree = "<group>"; };
		B258C0542AD791F500B8D11D /* testingUITests.xctest */ = {isa = PBXFileReference; explicitFileType = wrapper.cfbundle; includeInIndex = 0; path = testingUITests.xctest; sourceTree = BUILT_PRODUCTS_DIR; };
		B258C0582AD791F500B8D11D /* testingUITests.swift */ = {isa = PBXFileReference; lastKnownFileType = sourcecode.swift; path = testingUITests.swift; sourceTree = "<group>"; };
		B258C05A2AD791F500B8D11D /* testingUITestsLaunchTests.swift */ = {isa = PBXFileReference; lastKnownFileType = sourcecode.swift; path = testingUITestsLaunchTests.swift; sourceTree = "<group>"; };
/* End PBXFileReference section */

/* Begin PBXFrameworksBuildPhase section */
		B258C02E2AD791F300B8D11D /* Frameworks */ = {
			isa = PBXFrameworksBuildPhase;
			buildActionMask = 2147483647;
			files = (
			);
			runOnlyForDeploymentPostprocessing = 0;
		};
		B258C0472AD791F500B8D11D /* Frameworks */ = {
			isa = PBXFrameworksBuildPhase;
			buildActionMask = 2147483647;
			files = (
			);
			runOnlyForDeploymentPostprocessing = 0;
		};
		B258C0512AD791F500B8D11D /* Frameworks */ = {
			isa = PBXFrameworksBuildPhase;
			buildActionMask = 2147483647;
			files = (
			);
			runOnlyForDeploymentPostprocessing = 0;
		};
/* End PBXFrameworksBuildPhase section */

/* Begin PBXGroup section */
		B258C0282AD791F300B8D11D = {
			isa = PBXGroup;
			children = (
				B258C0332AD791F300B8D11D /* testing */,
				B258C04D2AD791F500B8D11D /* testingTests */,
				B258C0572AD791F500B8D11D /* testingUITests */,
				B258C0322AD791F300B8D11D /* Products */,
			);
			sourceTree = "<group>";
		};
		B258C0322AD791F300B8D11D /* Products */ = {
			isa = PBXGroup;
			children = (
				B258C0312AD791F300B8D11D /* testing.app */,
				B258C04A2AD791F500B8D11D /* testingTests.xctest */,
				B258C0542AD791F500B8D11D /* testingUITests.xctest */,
			);
			name = Products;
			sourceTree = "<group>";
		};
		B258C0332AD791F300B8D11D /* testing */ = {
			isa = PBXGroup;
			children = (
				B258C0342AD791F300B8D11D /* AppDelegate.swift */,
				B258C0362AD791F300B8D11D /* SceneDelegate.swift */,
				B258C0382AD791F300B8D11D /* ViewController.swift */,
				B258C03A2AD791F300B8D11D /* Main.storyboard */,
				B258C0402AD791F500B8D11D /* Assets.xcassets */,
				B258C0422AD791F500B8D11D /* LaunchScreen.storyboard */,
				B258C0452AD791F500B8D11D /* Info.plist */,
				B258C03D2AD791F300B8D11D /* testing.xcdatamodeld */,
			);
			path = testing;
			sourceTree = "<group>";
		};
		B258C04D2AD791F500B8D11D /* testingTests */ = {
			isa = PBXGroup;
			children = (
				B258C04E2AD791F500B8D11D /* testingTests.swift */,
			);
			path = testingTests;
			sourceTree = "<group>";
		};
		B258C0572AD791F500B8D11D /* testingUITests */ = {
			isa = PBXGroup;
			children = (
				B258C0582AD791F500B8D11D /* testingUITests.swift */,
				B258C05A2AD791F500B8D11D /* testingUITestsLaunchTests.swift */,
			);
			path = testingUITests;
			sourceTree = "<group>";
		};
/* End PBXGroup section */

/* Begin PBXNativeTarget section */
		B258C0302AD791F300B8D11D /* testing */ = {
			isa = PBXNativeTarget;
			buildConfigurationList = B258C05E2AD791F500B8D11D /* Build configuration list for PBXNativeTarget "testing" */;
			buildPhases = (
				B258C02D2AD791F300B8D11D /* Sources */,
				B258C02E2AD791F300B8D11D /* Frameworks */,
				B258C02F2AD791F300B8D11D /* Resources */,
			);
			buildRules = (
			);
			dependencies = (
			);
			name = testing;
			productName = testing;
			productReference = B258C0312AD791F300B8D11D /* testing.app */;
			productType = "com.apple.product-type.application";
		};
		B258C0492AD791F500B8D11D /* testingTests */ = {
			isa = PBXNativeTarget;
			buildConfigurationList = B258C0612AD791F500B8D11D /* Build configuration list for PBXNativeTarget "testingTests" */;
			buildPhases = (
				B258C0462AD791F500B8D11D /* Sources */,
				B258C0472AD791F500B8D11D /* Frameworks */,
				B258C0482AD791F500B8D11D /* Resources */,
			);
			buildRules = (
			);
			dependencies = (
				B258C04C2AD791F500B8D11D /* PBXTargetDependency */,
			);
			name = testingTests;
			productName = testingTests;
			productReference = B258C04A2AD791F500B8D11D /* testingTests.xctest */;
			productType = "com.apple.product-type.bundle.unit-test";
		};
		B258C0532AD791F500B8D11D /* testingUITests */ = {
			isa = PBXNativeTarget;
			buildConfigurationList = B258C0642AD791F500B8D11D /* Build configuration list for PBXNativeTarget "testingUITests" */;
			buildPhases = (
				B258C0502AD791F500B8D11D /* Sources */,
				B258C0512AD791F500B8D11D /* Frameworks */,
				B258C0522AD791F500B8D11D /* Resources */,
			);
			buildRules = (
			);
			dependencies = (
				B258C0562AD791F500B8D11D /* PBXTargetDependency */,
			);
			name = testingUITests;
			productName = testingUITests;
			productReference = B258C0542AD791F500B8D11D /* testingUITests.xctest */;
			productType = "com.apple.product-type.bundle.ui-testing";
		};
/* End PBXNativeTarget section */

/* Begin PBXProject section */
		B258C0292AD791F300B8D11D /* Project object */ = {
			isa = PBXProject;
			attributes = {
				BuildIndependentTargetsInParallel = 1;
				LastSwiftUpdateCheck = 1500;
				LastUpgradeCheck = 1500;
				TargetAttributes = {
					B258C0302AD791F300B8D11D = {
						CreatedOnToolsVersion = 15.0;
					};
					B258C0492AD791F500B8D11D = {
						CreatedOnToolsVersion = 15.0;
						TestTargetID = B258C0302AD791F300B8D11D;
					};
					B258C0532AD791F500B8D11D = {
						CreatedOnToolsVersion = 15.0;
						TestTargetID = B258C0302AD791F300B8D11D;
					};
				};
			};
			buildConfigurationList = B258C02C2AD791F300B8D11D /* Build configuration list for PBXProject "testing" */;
			compatibilityVersion = "Xcode 14.0";
			developmentRegion = en;
			hasScannedForEncodings = 0;
			knownRegions = (
				en,
				Base,
			);
			mainGroup = B258C0282AD791F300B8D11D;
			productRefGroup = B258C0322AD791F300B8D11D /* Products */;
			projectDirPath = "";
			projectRoot = "";
			targets = (
				B258C0302AD791F300B8D11D /* testing */,
				B258C0492AD791F500B8D11D /* testingTests */,
				B258C0532AD791F500B8D11D /* testingUITests */,
			);
		};
/* End PBXProject section */

/* Begin PBXResourcesBuildPhase section */
		B258C02F2AD791F300B8D11D /* Resources */ = {
			isa = PBXResourcesBuildPhase;
			buildActionMask = 2147483647;
			files = (
				B258C0442AD791F500B8D11D /* LaunchScreen.storyboard in Resources */,
				B258C0412AD791F500B8D11D /* Assets.xcassets in Resources */,
				B258C03C2AD791F300B8D11D /* Main.storyboard in Resources */,
			);
			runOnlyForDeploymentPostprocessing = 0;
		};
		B258C0482AD791F500B8D11D /* Resources */ = {
			isa = PBXResourcesBuildPhase;
			buildActionMask = 2147483647;
			files = (
			);
			runOnlyForDeploymentPostprocessing = 0;
		};
		B258C0522AD791F500B8D11D /* Resources */ = {
			isa = PBXResourcesBuildPhase;
			buildActionMask = 2147483647;
			files = (
			);
			runOnlyForDeploymentPostprocessing = 0;
		};
/* End PBXResourcesBuildPhase section */

/* Begin PBXSourcesBuildPhase section */
		B258C02D2AD791F300B8D11D /* Sources */ = {
			isa = PBXSourcesBuildPhase;
			buildActionMask = 2147483647;
			files = (
				B258C0392AD791F300B8D11D /* ViewController.swift in Sources */,
				B258C0352AD791F300B8D11D /* AppDelegate.swift in Sources */,
				B258C03F2AD791F300B8D11D /* testing.xcdatamodeld in Sources */,
				B258C0372AD791F300B8D11D /* SceneDelegate.swift in Sources */,
			);
			runOnlyForDeploymentPostprocessing = 0;
		};
		B258C0462AD791F500B8D11D /* Sources */ = {
			isa = PBXSourcesBuildPhase;
			buildActionMask = 2147483647;
			files = (
				B258C04F2AD791F500B8D11D /* testingTests.swift in Sources */,
			);
			runOnlyForDeploymentPostprocessing = 0;
		};
		B258C0502AD791F500B8D11D /* Sources */ = {
			isa = PBXSourcesBuildPhase;
			buildActionMask = 2147483647;
			files = (
				B258C0592AD791F500B8D11D /* testingUITests.swift in Sources */,
				B258C05B2AD791F500B8D11D /* testingUITestsLaunchTests.swift in Sources */,
			);
			runOnlyForDeploymentPostprocessing = 0;
		};
/* End PBXSourcesBuildPhase section */

/* Begin PBXTargetDependency section */
		B258C04C2AD791F500B8D11D /* PBXTargetDependency */ = {
			isa = PBXTargetDependency;
			target = B258C0302AD791F300B8D11D /* testing */;
			targetProxy = B258C04B2AD791F500B8D11D /* PBXContainerItemProxy */;
		};
		B258C0562AD791F500B8D11D /* PBXTargetDependency */ = {
			isa = PBXTargetDependency;
			target = B258C0302AD791F300B8D11D /* testing */;
			targetProxy = B258C0552AD791F500B8D11D /* PBXContainerItemProxy */;
		};
/* End PBXTargetDependency section */

/* Begin PBXVariantGroup section */
		B258C03A2AD791F300B8D11D /* Main.storyboard */ = {
			isa = PBXVariantGroup;
			children = (
				B258C03B2AD791F300B8D11D /* Base */,
			);
			name = Main.storyboard;
			sourceTree = "<group>";
		};
		B258C0422AD791F500B8D11D /* LaunchScreen.storyboard */ = {
			isa = PBXVariantGroup;
			children = (
				B258C0432AD791F500B8D11D /* Base */,
			);
			name = LaunchScreen.storyboard;
			sourceTree = "<group>";
		};
/* End PBXVariantGroup section */

/* Begin XCBuildConfiguration section */
		B258C05C2AD791F500B8D11D /* Debug */ = {
			isa = XCBuildConfiguration;
			buildSettings = {
				ALWAYS_SEARCH_USER_PATHS = NO;
				ASSETCATALOG_COMPILER_GENERATE_SWIFT_ASSET_SYMBOL_EXTENSIONS = YES;
				CLANG_ANALYZER_NONNULL = YES;
				CLANG_ANALYZER_NUMBER_OBJECT_CONVERSION = YES_AGGRESSIVE;
				CLANG_CXX_LANGUAGE_STANDARD = "gnu++20";
				CLANG_ENABLE_MODULES = YES;
				CLANG_ENABLE_OBJC_ARC = YES;
				CLANG_ENABLE_OBJC_WEAK = YES;
				CLANG_WARN_BLOCK_CAPTURE_AUTORELEASING = YES;
				CLANG_WARN_BOOL_CONVERSION = YES;
				CLANG_WARN_COMMA = YES;
				CLANG_WARN_CONSTANT_CONVERSION = YES;
				CLANG_WARN_DEPRECATED_OBJC_IMPLEMENTATIONS = YES;
				CLANG_WARN_DIRECT_OBJC_ISA_USAGE = YES_ERROR;
				CLANG_WARN_DOCUMENTATION_COMMENTS = YES;
				CLANG_WARN_EMPTY_BODY = YES;
				CLANG_WARN_ENUM_CONVERSION = YES;
				CLANG_WARN_INFINITE_RECURSION = YES;
				CLANG_WARN_INT_CONVERSION = YES;
				CLANG_WARN_NON_LITERAL_NULL_CONVERSION = YES;
				CLANG_WARN_OBJC_IMPLICIT_RETAIN_SELF = YES;
				CLANG_WARN_OBJC_LITERAL_CONVERSION = YES;
				CLANG_WARN_OBJC_ROOT_CLASS = YES_ERROR;
				CLANG_WARN_QUOTED_INCLUDE_IN_FRAMEWORK_HEADER = YES;
				CLANG_WARN_RANGE_LOOP_ANALYSIS = YES;
				CLANG_WARN_STRICT_PROTOTYPES = YES;
				CLANG_WARN_SUSPICIOUS_MOVE = YES;
				CLANG_WARN_UNGUARDED_AVAILABILITY = YES_AGGRESSIVE;
				CLANG_WARN_UNREACHABLE_CODE = YES;
				CLANG_WARN__DUPLICATE_METHOD_MATCH = YES;
				COPY_PHASE_STRIP = NO;
				DEBUG_INFORMATION_FORMAT = dwarf;
				ENABLE_STRICT_OBJC_MSGSEND = YES;
				ENABLE_TESTABILITY = YES;
				ENABLE_USER_SCRIPT_SANDBOXING = YES;
				GCC_C_LANGUAGE_STANDARD = gnu17;
				GCC_DYNAMIC_NO_PIC = NO;
				GCC_NO_COMMON_BLOCKS = YES;
				GCC_OPTIMIZATION_LEVEL = 0;
				GCC_PREPROCESSOR_DEFINITIONS = (
					"DEBUG=1",
					"$(inherited)",
				);
				GCC_WARN_64_TO_32_BIT_CONVERSION = YES;
				GCC_WARN_ABOUT_RETURN_TYPE = YES_ERROR;
				GCC_WARN_UNDECLARED_SELECTOR = YES;
				GCC_WARN_UNINITIALIZED_AUTOS = YES_AGGRESSIVE;
				GCC_WARN_UNUSED_FUNCTION = YES;
				GCC_WARN_UNUSED_VARIABLE = YES;
				IPHONEOS_DEPLOYMENT_TARGET = 17.0;
				LOCALIZATION_PREFERS_STRING_CATALOGS = YES;
				MTL_ENABLE_DEBUG_INFO = INCLUDE_SOURCE;
				MTL_FAST_MATH = YES;
				ONLY_ACTIVE_ARCH = YES;
				SDKROOT = iphoneos;
				SWIFT_ACTIVE_COMPILATION_CONDITIONS = "DEBUG $(inherited)";
				SWIFT_OPTIMIZATION_LEVEL = "-Onone";
			};
			name = Debug;
		};
		B258C05D2AD791F500B8D11D /* Release */ = {
			isa = XCBuildConfiguration;
			buildSettings = {
				ALWAYS_SEARCH_USER_PATHS = NO;
				ASSETCATALOG_COMPILER_GENERATE_SWIFT_ASSET_SYMBOL_EXTENSIONS = YES;
				CLANG_ANALYZER_NONNULL = YES;
				CLANG_ANALYZER_NUMBER_OBJECT_CONVERSION = YES_AGGRESSIVE;
				CLANG_CXX_LANGUAGE_STANDARD = "gnu++20";
				CLANG_ENABLE_MODULES = YES;
				CLANG_ENABLE_OBJC_ARC = YES;
				CLANG_ENABLE_OBJC_WEAK = YES;
				CLANG_WARN_BLOCK_CAPTURE_AUTORELEASING = YES;
				CLANG_WARN_BOOL_CONVERSION = YES;
				CLANG_WARN_COMMA = YES;
				CLANG_WARN_CONSTANT_CONVERSION = YES;
				CLANG_WARN_DEPRECATED_OBJC_IMPLEMENTATIONS = YES;
				CLANG_WARN_DIRECT_OBJC_ISA_USAGE = YES_ERROR;
				CLANG_WARN_DOCUMENTATION_COMMENTS = YES;
				CLANG_WARN_EMPTY_BODY = YES;
				CLANG_WARN_ENUM_CONVERSION = YES;
				CLANG_WARN_INFINITE_RECURSION = YES;
				CLANG_WARN_INT_CONVERSION = YES;
				CLANG_WARN_NON_LITERAL_NULL_CONVERSION = YES;
				CLANG_WARN_OBJC_IMPLICIT_RETAIN_SELF = YES;
				CLANG_WARN_OBJC_LITERAL_CONVERSION = YES;
				CLANG_WARN_OBJC_ROOT_CLASS = YES_ERROR;
				CLANG_WARN_QUOTED_INCLUDE_IN_FRAMEWORK_HEADER = YES;
				CLANG_WARN_RANGE_LOOP_ANALYSIS = YES;
				CLANG_WARN_STRICT_PROTOTYPES = YES;
				CLANG_WARN_SUSPICIOUS_MOVE = YES;
				CLANG_WARN_UNGUARDED_AVAILABILITY = YES_AGGRESSIVE;
				CLANG_WARN_UNREACHABLE_CODE = YES;
				CLANG_WARN__DUPLICATE_METHOD_MATCH = YES;
				COPY_PHASE_STRIP = NO;
				DEBUG_INFORMATION_FORMAT = "dwarf-with-dsym";
				ENABLE_NS_ASSERTIONS = NO;
				ENABLE_STRICT_OBJC_MSGSEND = YES;
				ENABLE_USER_SCRIPT_SANDBOXING = YES;
				GCC_C_LANGUAGE_STANDARD = gnu17;
				GCC_NO_COMMON_BLOCKS = YES;
				GCC_WARN_64_TO_32_BIT_CONVERSION = YES;
				GCC_WARN_ABOUT_RETURN_TYPE = YES_ERROR;
				GCC_WARN_UNDECLARED_SELECTOR = YES;
				GCC_WARN_UNINITIALIZED_AUTOS = YES_AGGRESSIVE;
				GCC_WARN_UNUSED_FUNCTION = YES;
				GCC_WARN_UNUSED_VARIABLE = YES;
				IPHONEOS_DEPLOYMENT_TARGET = 17.0;
				LOCALIZATION_PREFERS_STRING_CATALOGS = YES;
				MTL_ENABLE_DEBUG_INFO = NO;
				MTL_FAST_MATH = YES;
				SDKROOT = iphoneos;
				SWIFT_COMPILATION_MODE = wholemodule;
				VALIDATE_PRODUCT = YES;
			};
			name = Release;
		};
		B258C05F2AD791F500B8D11D /* Debug */ = {
			isa = XCBuildConfiguration;
			buildSettings = {
				ASSETCATALOG_COMPILER_APPICON_NAME = AppIcon;
				ASSETCATALOG_COMPILER_GLOBAL_ACCENT_COLOR_NAME = AccentColor;
				CODE_SIGN_STYLE = Automatic;
				CURRENT_PROJECT_VERSION = 1;
				GENERATE_INFOPLIST_FILE = YES;
				INFOPLIST_FILE = testing/Info.plist;
				INFOPLIST_KEY_UIApplicationSupportsIndirectInputEvents = YES;
				INFOPLIST_KEY_UILaunchStoryboardName = LaunchScreen;
				INFOPLIST_KEY_UIMainStoryboardFile = Main;
				INFOPLIST_KEY_UIStatusBarStyle = "";
				INFOPLIST_KEY_UISupportedInterfaceOrientations_iPad = "UIInterfaceOrientationPortrait UIInterfaceOrientationPortraitUpsideDown UIInterfaceOrientationLandscapeLeft UIInterfaceOrientationLandscapeRight";
				INFOPLIST_KEY_UISupportedInterfaceOrientations_iPhone = "UIInterfaceOrientationPortrait UIInterfaceOrientationLandscapeLeft UIInterfaceOrientationLandscapeRight";
				LD_RUNPATH_SEARCH_PATHS = (
					"$(inherited)",
					"@executable_path/Frameworks",
				);
				MARKETING_VERSION = 1.0;
				PRODUCT_BUNDLE_IDENTIFIER = com.bca.trainingios.testing;
				PRODUCT_NAME = "$(TARGET_NAME)";
				SWIFT_EMIT_LOC_STRINGS = YES;
				SWIFT_VERSION = 5.0;
				TARGETED_DEVICE_FAMILY = "1,2";
			};
			name = Debug;
		};
		B258C0602AD791F500B8D11D /* Release */ = {
			isa = XCBuildConfiguration;
			buildSettings = {
				ASSETCATALOG_COMPILER_APPICON_NAME = AppIcon;
				ASSETCATALOG_COMPILER_GLOBAL_ACCENT_COLOR_NAME = AccentColor;
				CODE_SIGN_STYLE = Automatic;
				CURRENT_PROJECT_VERSION = 1;
				GENERATE_INFOPLIST_FILE = YES;
				INFOPLIST_FILE = testing/Info.plist;
				INFOPLIST_KEY_UIApplicationSupportsIndirectInputEvents = YES;
				INFOPLIST_KEY_UILaunchStoryboardName = LaunchScreen;
				INFOPLIST_KEY_UIMainStoryboardFile = Main;
				INFOPLIST_KEY_UIStatusBarStyle = "";
				INFOPLIST_KEY_UISupportedInterfaceOrientations_iPad = "UIInterfaceOrientationPortrait UIInterfaceOrientationPortraitUpsideDown UIInterfaceOrientationLandscapeLeft UIInterfaceOrientationLandscapeRight";
				INFOPLIST_KEY_UISupportedInterfaceOrientations_iPhone = "UIInterfaceOrientationPortrait UIInterfaceOrientationLandscapeLeft UIInterfaceOrientationLandscapeRight";
				LD_RUNPATH_SEARCH_PATHS = (
					"$(inherited)",
					"@executable_path/Frameworks",
				);
				MARKETING_VERSION = 1.0;
				PRODUCT_BUNDLE_IDENTIFIER = com.bca.trainingios.testing;
				PRODUCT_NAME = "$(TARGET_NAME)";
				SWIFT_EMIT_LOC_STRINGS = YES;
				SWIFT_VERSION = 5.0;
				TARGETED_DEVICE_FAMILY = "1,2";
			};
			name = Release;
		};
		B258C0622AD791F500B8D11D /* Debug */ = {
			isa = XCBuildConfiguration;
			buildSettings = {
				ALWAYS_EMBED_SWIFT_STANDARD_LIBRARIES = YES;
				BUNDLE_LOADER = "$(TEST_HOST)";
				CODE_SIGN_STYLE = Automatic;
				CURRENT_PROJECT_VERSION = 1;
				GENERATE_INFOPLIST_FILE = YES;
				IPHONEOS_DEPLOYMENT_TARGET = 17.0;
				MARKETING_VERSION = 1.0;
				PRODUCT_BUNDLE_IDENTIFIER = com.bca.trainingios.testingTests;
				PRODUCT_NAME = "$(TARGET_NAME)";
				SWIFT_EMIT_LOC_STRINGS = NO;
				SWIFT_VERSION = 5.0;
				TARGETED_DEVICE_FAMILY = "1,2";
				TEST_HOST = "$(BUILT_PRODUCTS_DIR)/testing.app/$(BUNDLE_EXECUTABLE_FOLDER_PATH)/testing";
			};
			name = Debug;
		};
		B258C0632AD791F500B8D11D /* Release */ = {
			isa = XCBuildConfiguration;
			buildSettings = {
				ALWAYS_EMBED_SWIFT_STANDARD_LIBRARIES = YES;
				BUNDLE_LOADER = "$(TEST_HOST)";
				CODE_SIGN_STYLE = Automatic;
				CURRENT_PROJECT_VERSION = 1;
				GENERATE_INFOPLIST_FILE = YES;
				IPHONEOS_DEPLOYMENT_TARGET = 17.0;
				MARKETING_VERSION = 1.0;
				PRODUCT_BUNDLE_IDENTIFIER = com.bca.trainingios.testingTests;
				PRODUCT_NAME = "$(TARGET_NAME)";
				SWIFT_EMIT_LOC_STRINGS = NO;
				SWIFT_VERSION = 5.0;
				TARGETED_DEVICE_FAMILY = "1,2";
				TEST_HOST = "$(BUILT_PRODUCTS_DIR)/testing.app/$(BUNDLE_EXECUTABLE_FOLDER_PATH)/testing";
			};
			name = Release;
		};
		B258C0652AD791F500B8D11D /* Debug */ = {
			isa = XCBuildConfiguration;
			buildSettings = {
				ALWAYS_EMBED_SWIFT_STANDARD_LIBRARIES = YES;
				CODE_SIGN_STYLE = Automatic;
				CURRENT_PROJECT_VERSION = 1;
				GENERATE_INFOPLIST_FILE = YES;
				MARKETING_VERSION = 1.0;
				PRODUCT_BUNDLE_IDENTIFIER = com.bca.trainingios.testingUITests;
				PRODUCT_NAME = "$(TARGET_NAME)";
				SWIFT_EMIT_LOC_STRINGS = NO;
				SWIFT_VERSION = 5.0;
				TARGETED_DEVICE_FAMILY = "1,2";
				TEST_TARGET_NAME = testing;
			};
			name = Debug;
		};
		B258C0662AD791F500B8D11D /* Release */ = {
			isa = XCBuildConfiguration;
			buildSettings = {
				ALWAYS_EMBED_SWIFT_STANDARD_LIBRARIES = YES;
				CODE_SIGN_STYLE = Automatic;
				CURRENT_PROJECT_VERSION = 1;
				GENERATE_INFOPLIST_FILE = YES;
				MARKETING_VERSION = 1.0;
				PRODUCT_BUNDLE_IDENTIFIER = com.bca.trainingios.testingUITests;
				PRODUCT_NAME = "$(TARGET_NAME)";
				SWIFT_EMIT_LOC_STRINGS = NO;
				SWIFT_VERSION = 5.0;
				TARGETED_DEVICE_FAMILY = "1,2";
				TEST_TARGET_NAME = testing;
			};
			name = Release;
		};
/* End XCBuildConfiguration section */

/* Begin XCConfigurationList section */
		B258C02C2AD791F300B8D11D /* Build configuration list for PBXProject "testing" */ = {
			isa = XCConfigurationList;
			buildConfigurations = (
				B258C05C2AD791F500B8D11D /* Debug */,
				B258C05D2AD791F500B8D11D /* Release */,
			);
			defaultConfigurationIsVisible = 0;
			defaultConfigurationName = Release;
		};
		B258C05E2AD791F500B8D11D /* Build configuration list for PBXNativeTarget "testing" */ = {
			isa = XCConfigurationList;
			buildConfigurations = (
				B258C05F2AD791F500B8D11D /* Debug */,
				B258C0602AD791F500B8D11D /* Release */,
			);
			defaultConfigurationIsVisible = 0;
			defaultConfigurationName = Release;
		};
		B258C0612AD791F500B8D11D /* Build configuration list for PBXNativeTarget "testingTests" */ = {
			isa = XCConfigurationList;
			buildConfigurations = (
				B258C0622AD791F500B8D11D /* Debug */,
				B258C0632AD791F500B8D11D /* Release */,
			);
			defaultConfigurationIsVisible = 0;
			defaultConfigurationName = Release;
		};
		B258C0642AD791F500B8D11D /* Build configuration list for PBXNativeTarget "testingUITests" */ = {
			isa = XCConfigurationList;
			buildConfigurations = (
				B258C0652AD791F500B8D11D /* Debug */,
				B258C0662AD791F500B8D11D /* Release */,
			);
			defaultConfigurationIsVisible = 0;
			defaultConfigurationName = Release;
		};
/* End XCConfigurationList section */

/* Begin XCVersionGroup section */
		B258C03D2AD791F300B8D11D /* testing.xcdatamodeld */ = {
			isa = XCVersionGroup;
			children = (
				B258C03E2AD791F300B8D11D /* testing.xcdatamodel */,
			);
			currentVersion = B258C03E2AD791F300B8D11D /* testing.xcdatamodel */;
			path = testing.xcdatamodeld;
			sourceTree = "<group>";
			versionGroupType = wrapper.xcdatamodel;
		};
/* End XCVersionGroup section */
	};
	rootObject = B258C0292AD791F300B8D11D /* Project object */;
}
